
Microsoft Visual Studio Solution File, Format Version 12.00
# Visual Studio Version 17
VisualStudioVersion = 17.14.37111.16 d17.14
MinimumVisualStudioVersion = 10.0.40219.1
Project("{FAE04EC0-301F-11D3-BF4B-00C04F79EFBC}") = "Modulo1", "Modulo1.csproj", "{946E66B6-B5D9-E89C-E4D9-180A284119B0}"
EndProject
Global
	GlobalSection(SolutionConfigurationPlatforms) = preSolution
		Debug|Any CPU = Debug|Any CPU
		Release|Any CPU = Release|Any CPU
	EndGlobalSection
	GlobalSection(ProjectConfigurationPlatforms) = postSolution
		{946E66B6-B5D9-E89C-E4D9-180A284119B0}.Debug|Any CPU.ActiveCfg = Debug|Any CPU
		{946E66B6-B5D9-E89C-E4D9-180A284119B0}.Debug|Any CPU.Build.0 = Debug|Any CPU
		{946E66B6-B5D9-E89C-E4D9-180A284119B0}.Release|Any CPU.ActiveCfg = Release|Any CPU
		{946E66B6-B5D9-E89C-E4D9-180A284119B0}.Release|Any CPU.Build.0 = Release|Any CPU
	EndGlobalSection
	GlobalSection(SolutionProperties) = preSolution
		HideSolutionNode = FALSE
	EndGlobalSection
	GlobalSection(ExtensibilityGlobals) = postSolution
		SolutionGuid = {BA2CE4E2-441B-4770-A1E4-342F7B57A4C0}
	EndGlobalSection
EndGlobal
